
Microsoft Visual Studio Solution File, Format Version 12.00
# Visual Studio Version 17
VisualStudioVersion = 17.8.34309.116
MinimumVisualStudioVersion = 10.0.40219.1
Project("{FAE04EC0-301F-11D3-BF4B-00C04F79EFBC}") = "文字版的 OXGame", "文字版的 OXGame\文字版的 OXGame.csproj", "{A100941E-9348-4625-A6A8-4DBAC5CFCC94}"
EndProject
Global
	GlobalSection(SolutionConfigurationPlatforms) = preSolution
		Debug|Any CPU = Debug|Any CPU
		Release|Any CPU = Release|Any CPU
	EndGlobalSection
	GlobalSection(ProjectConfigurationPlatforms) = postSolution
		{A100941E-9348-4625-A6A8-4DBAC5CFCC94}.Debug|Any CPU.ActiveCfg = Debug|Any CPU
		{A100941E-9348-4625-A6A8-4DBAC5CFCC94}.Debug|Any CPU.Build.0 = Debug|Any CPU
		{A100941E-9348-4625-A6A8-4DBAC5CFCC94}.Release|Any CPU.ActiveCfg = Release|Any CPU
		{A100941E-9348-4625-A6A8-4DBAC5CFCC94}.Release|Any CPU.Build.0 = Release|Any CPU
	EndGlobalSection
	GlobalSection(SolutionProperties) = preSolution
		HideSolutionNode = FALSE
	EndGlobalSection
	GlobalSection(ExtensibilityGlobals) = postSolution
		SolutionGuid = {31A7B461-0D96-4D74-9A9C-40A22F2F6503}
	EndGlobalSection
EndGlobal
